
Microsoft Visual Studio Solution File, Format Version 12.00
# Visual Studio 2013
VisualStudioVersion = 12.0.40629.0
MinimumVisualStudioVersion = 10.0.40219.1
Project("{FAE04EC0-301F-11D3-BF4B-00C04F79EFBC}") = "Story1_TamCam", "Story1_TamCam\Story1_TamCam.csproj", "{F325E6C5-DD3F-40F2-B344-C7FE071C0676}"
EndProject
Global
	GlobalSection(SolutionConfigurationPlatforms) = preSolution
		Debug|Any CPU = Debug|Any CPU
		Release|Any CPU = Release|Any CPU
	EndGlobalSection
	GlobalSection(ProjectConfigurationPlatforms) = postSolution
		{F325E6C5-DD3F-40F2-B344-C7FE071C0676}.Debug|Any CPU.ActiveCfg = Debug|Any CPU
		{F325E6C5-DD3F-40F2-B344-C7FE071C0676}.Debug|Any CPU.Build.0 = Debug|Any CPU
		{F325E6C5-DD3F-40F2-B344-C7FE071C0676}.Release|Any CPU.ActiveCfg = Release|Any CPU
		{F325E6C5-DD3F-40F2-B344-C7FE071C0676}.Release|Any CPU.Build.0 = Release|Any CPU
	EndGlobalSection
	GlobalSection(SolutionProperties) = preSolution
		HideSolutionNode = FALSE
	EndGlobalSection
EndGlobal
